
Microsoft Visual Studio Solution File, Format Version 12.00
# Visual Studio Version 17
VisualStudioVersion = 17.5.33502.453
MinimumVisualStudioVersion = 10.0.40219.1
Project("{2150E333-8FDC-42A3-9474-1A3956D46DE8}") = "Services", "Services", "{2D310EE3-D860-4EA2-8F13-BA7DDEB381AB}"
EndProject
Project("{2150E333-8FDC-42A3-9474-1A3956D46DE8}") = "Catalog", "Catalog", "{AA6F8627-B865-42D6-8994-D75F1FF0C845}"
EndProject
Project("{9A19103F-16F7-4668-BE54-9A1E7A4F7556}") = "FreeCourse.Services.Catalog", "Services\Catalog\FreeCourse.Services.Catalog\FreeCourse.Services.Catalog.csproj", "{6E37E1A2-7BDE-444A-9841-0F0CBAEA75C1}"
EndProject
Project("{2150E333-8FDC-42A3-9474-1A3956D46DE8}") = "Solution Items", "Solution Items", "{96B6D1E9-496E-4403-89E1-1DAC8CB9AC58}"
	ProjectSection(SolutionItems) = preProject
		Ports.txt = Ports.txt
	EndProjectSection
EndProject
Project("{2150E333-8FDC-42A3-9474-1A3956D46DE8}") = "Shared", "Shared", "{66663972-23C0-4A3C-9300-C70314398B5B}"
EndProject
Project("{9A19103F-16F7-4668-BE54-9A1E7A4F7556}") = "FreeCourse.Shared", "Shared\FreeCourse.Shared\FreeCourse.Shared.csproj", "{5F7FF027-E883-4C48-8D73-E712E886C485}"
EndProject
Project("{9A19103F-16F7-4668-BE54-9A1E7A4F7556}") = "FreeCourse.SharedCore7", "Shared\FreeCourse.SharedCore7\FreeCourse.SharedCore7.csproj", "{E9B62623-5E96-445C-A977-3D9830F49DC8}"
EndProject
Project("{2150E333-8FDC-42A3-9474-1A3956D46DE8}") = "IdentityServer", "IdentityServer", "{50D7F22D-9341-4CD7-99E2-0601F3F7F9D6}"
EndProject
Project("{9A19103F-16F7-4668-BE54-9A1E7A4F7556}") = "FreeCourse.IdentityServer", "IdentityServer\FreeCourse.IdentityServer\FreeCourse.IdentityServer.csproj", "{244E032D-BD09-4087-A364-A7DB90BFD8B3}"
EndProject
Project("{2150E333-8FDC-42A3-9474-1A3956D46DE8}") = "PhotoStock", "PhotoStock", "{E7BA4B0B-D345-4704-92CB-4EB735A55B6E}"
EndProject
Project("{9A19103F-16F7-4668-BE54-9A1E7A4F7556}") = "FreeCourse.Services.PhotoStock", "Services\PhotoStock\FreeCourse.Services.PhotoStock\FreeCourse.Services.PhotoStock.csproj", "{752C3716-E40A-4A5D-9EE2-871F208A2F86}"
EndProject
Project("{2150E333-8FDC-42A3-9474-1A3956D46DE8}") = "Basket", "Basket", "{FF618C06-40DC-42F3-B139-19A1E13E3F60}"
EndProject
Project("{9A19103F-16F7-4668-BE54-9A1E7A4F7556}") = "FreeCourse.Services.Basket", "Services\Basket\FreeCourse.Services.Basket\FreeCourse.Services.Basket.csproj", "{8AE6403F-21E5-4064-A2A6-9C9EB2F26A45}"
EndProject
Project("{2150E333-8FDC-42A3-9474-1A3956D46DE8}") = "Discount", "Discount", "{5BEAE3BD-A563-4582-8242-507AE86B6870}"
EndProject
Project("{9A19103F-16F7-4668-BE54-9A1E7A4F7556}") = "FreeCourse.Services.Discount", "Services\Discount\FreeCourse.Services.Discount\FreeCourse.Services.Discount.csproj", "{A07E7339-3EF6-4BF1-A730-D4C0F084EB5B}"
EndProject
Project("{2150E333-8FDC-42A3-9474-1A3956D46DE8}") = "Order", "Order", "{6B41249C-17BC-4ECA-90C5-D5BEE26E8C5C}"
EndProject
Project("{9A19103F-16F7-4668-BE54-9A1E7A4F7556}") = "FreeCourse.Services.Order.API", "Services\Order\FreeCourse.Services.Order.API\FreeCourse.Services.Order.API.csproj", "{A33051AC-557A-4319-824F-13C3291E9B6E}"
EndProject
Project("{9A19103F-16F7-4668-BE54-9A1E7A4F7556}") = "FreeCourse.Services.Order.Application", "Services\Order\FreeCourse.Services.Order.Application\FreeCourse.Services.Order.Application.csproj", "{C508DE7F-CA4A-4AE2-9E06-91C0C253D04E}"
EndProject
Project("{9A19103F-16F7-4668-BE54-9A1E7A4F7556}") = "FreeCourse.Services.Order.Domain", "Services\Order\FreeCourse.Services.Order.Domain\FreeCourse.Services.Order.Domain.csproj", "{F851BB0E-9127-4BA5-A818-D2CE6441EAD2}"
EndProject
Project("{9A19103F-16F7-4668-BE54-9A1E7A4F7556}") = "FreeCourse.Services.Order.Domain.Core", "Services\Order\FreeCourse.Services.Order.Domain.Core\FreeCourse.Services.Order.Domain.Core.csproj", "{267EBBB4-F1B9-4D3A-9B5A-37521D50FE05}"
EndProject
Project("{9A19103F-16F7-4668-BE54-9A1E7A4F7556}") = "FreeCourse.Services.Order.Infrastructure", "Services\Order\FreeCourse.Services.Order.Infrastructure\FreeCourse.Services.Order.Infrastructure.csproj", "{2A9769FA-3590-4E03-AC3D-78F44C547556}"
EndProject
Project("{2150E333-8FDC-42A3-9474-1A3956D46DE8}") = "FakePayment", "FakePayment", "{54184E3B-51F5-43C9-B986-D7324257316E}"
EndProject
Project("{FAE04EC0-301F-11D3-BF4B-00C04F79EFBC}") = "FreeCourse.Services.FakePayment", "Services\FakePayment\FreeCourse.Services.FakePayment\FreeCourse.Services.FakePayment.csproj", "{93696FB1-63FD-4FE9-BC52-353EA268D104}"
EndProject
Global
	GlobalSection(SolutionConfigurationPlatforms) = preSolution
		Debug|Any CPU = Debug|Any CPU
		Release|Any CPU = Release|Any CPU
	EndGlobalSection
	GlobalSection(ProjectConfigurationPlatforms) = postSolution
		{6E37E1A2-7BDE-444A-9841-0F0CBAEA75C1}.Debug|Any CPU.ActiveCfg = Debug|Any CPU
		{6E37E1A2-7BDE-444A-9841-0F0CBAEA75C1}.Debug|Any CPU.Build.0 = Debug|Any CPU
		{6E37E1A2-7BDE-444A-9841-0F0CBAEA75C1}.Release|Any CPU.ActiveCfg = Release|Any CPU
		{6E37E1A2-7BDE-444A-9841-0F0CBAEA75C1}.Release|Any CPU.Build.0 = Release|Any CPU
		{5F7FF027-E883-4C48-8D73-E712E886C485}.Debug|Any CPU.ActiveCfg = Debug|Any CPU
		{5F7FF027-E883-4C48-8D73-E712E886C485}.Debug|Any CPU.Build.0 = Debug|Any CPU
		{5F7FF027-E883-4C48-8D73-E712E886C485}.Release|Any CPU.ActiveCfg = Release|Any CPU
		{5F7FF027-E883-4C48-8D73-E712E886C485}.Release|Any CPU.Build.0 = Release|Any CPU
		{E9B62623-5E96-445C-A977-3D9830F49DC8}.Debug|Any CPU.ActiveCfg = Debug|Any CPU
		{E9B62623-5E96-445C-A977-3D9830F49DC8}.Debug|Any CPU.Build.0 = Debug|Any CPU
		{E9B62623-5E96-445C-A977-3D9830F49DC8}.Release|Any CPU.ActiveCfg = Release|Any CPU
		{E9B62623-5E96-445C-A977-3D9830F49DC8}.Release|Any CPU.Build.0 = Release|Any CPU
		{244E032D-BD09-4087-A364-A7DB90BFD8B3}.Debug|Any CPU.ActiveCfg = Debug|Any CPU
		{244E032D-BD09-4087-A364-A7DB90BFD8B3}.Debug|Any CPU.Build.0 = Debug|Any CPU
		{244E032D-BD09-4087-A364-A7DB90BFD8B3}.Release|Any CPU.ActiveCfg = Release|Any CPU
		{244E032D-BD09-4087-A364-A7DB90BFD8B3}.Release|Any CPU.Build.0 = Release|Any CPU
		{752C3716-E40A-4A5D-9EE2-871F208A2F86}.Debug|Any CPU.ActiveCfg = Debug|Any CPU
		{752C3716-E40A-4A5D-9EE2-871F208A2F86}.Debug|Any CPU.Build.0 = Debug|Any CPU
		{752C3716-E40A-4A5D-9EE2-871F208A2F86}.Release|Any CPU.ActiveCfg = Release|Any CPU
		{752C3716-E40A-4A5D-9EE2-871F208A2F86}.Release|Any CPU.Build.0 = Release|Any CPU
		{8AE6403F-21E5-4064-A2A6-9C9EB2F26A45}.Debug|Any CPU.ActiveCfg = Debug|Any CPU
		{8AE6403F-21E5-4064-A2A6-9C9EB2F26A45}.Debug|Any CPU.Build.0 = Debug|Any CPU
		{8AE6403F-21E5-4064-A2A6-9C9EB2F26A45}.Release|Any CPU.ActiveCfg = Release|Any CPU
		{8AE6403F-21E5-4064-A2A6-9C9EB2F26A45}.Release|Any CPU.Build.0 = Release|Any CPU
		{A07E7339-3EF6-4BF1-A730-D4C0F084EB5B}.Debug|Any CPU.ActiveCfg = Debug|Any CPU
		{A07E7339-3EF6-4BF1-A730-D4C0F084EB5B}.Debug|Any CPU.Build.0 = Debug|Any CPU
		{A07E7339-3EF6-4BF1-A730-D4C0F084EB5B}.Release|Any CPU.ActiveCfg = Release|Any CPU
		{A07E7339-3EF6-4BF1-A730-D4C0F084EB5B}.Release|Any CPU.Build.0 = Release|Any CPU
		{A33051AC-557A-4319-824F-13C3291E9B6E}.Debug|Any CPU.ActiveCfg = Debug|Any CPU
		{A33051AC-557A-4319-824F-13C3291E9B6E}.Debug|Any CPU.Build.0 = Debug|Any CPU
		{A33051AC-557A-4319-824F-13C3291E9B6E}.Release|Any CPU.ActiveCfg = Release|Any CPU
		{A33051AC-557A-4319-824F-13C3291E9B6E}.Release|Any CPU.Build.0 = Release|Any CPU
		{C508DE7F-CA4A-4AE2-9E06-91C0C253D04E}.Debug|Any CPU.ActiveCfg = Debug|Any CPU
		{C508DE7F-CA4A-4AE2-9E06-91C0C253D04E}.Debug|Any CPU.Build.0 = Debug|Any CPU
		{C508DE7F-CA4A-4AE2-9E06-91C0C253D04E}.Release|Any CPU.ActiveCfg = Release|Any CPU
		{C508DE7F-CA4A-4AE2-9E06-91C0C253D04E}.Release|Any CPU.Build.0 = Release|Any CPU
		{F851BB0E-9127-4BA5-A818-D2CE6441EAD2}.Debug|Any CPU.ActiveCfg = Debug|Any CPU
		{F851BB0E-9127-4BA5-A818-D2CE6441EAD2}.Debug|Any CPU.Build.0 = Debug|Any CPU
		{F851BB0E-9127-4BA5-A818-D2CE6441EAD2}.Release|Any CPU.ActiveCfg = Release|Any CPU
		{F851BB0E-9127-4BA5-A818-D2CE6441EAD2}.Release|Any CPU.Build.0 = Release|Any CPU
		{267EBBB4-F1B9-4D3A-9B5A-37521D50FE05}.Debug|Any CPU.ActiveCfg = Debug|Any CPU
		{267EBBB4-F1B9-4D3A-9B5A-37521D50FE05}.Debug|Any CPU.Build.0 = Debug|Any CPU
		{267EBBB4-F1B9-4D3A-9B5A-37521D50FE05}.Release|Any CPU.ActiveCfg = Release|Any CPU
		{267EBBB4-F1B9-4D3A-9B5A-37521D50FE05}.Release|Any CPU.Build.0 = Release|Any CPU
		{2A9769FA-3590-4E03-AC3D-78F44C547556}.Debug|Any CPU.ActiveCfg = Debug|Any CPU
		{2A9769FA-3590-4E03-AC3D-78F44C547556}.Debug|Any CPU.Build.0 = Debug|Any CPU
		{2A9769FA-3590-4E03-AC3D-78F44C547556}.Release|Any CPU.ActiveCfg = Release|Any CPU
		{2A9769FA-3590-4E03-AC3D-78F44C547556}.Release|Any CPU.Build.0 = Release|Any CPU
		{93696FB1-63FD-4FE9-BC52-353EA268D104}.Debug|Any CPU.ActiveCfg = Debug|Any CPU
		{93696FB1-63FD-4FE9-BC52-353EA268D104}.Debug|Any CPU.Build.0 = Debug|Any CPU
		{93696FB1-63FD-4FE9-BC52-353EA268D104}.Release|Any CPU.ActiveCfg = Release|Any CPU
		{93696FB1-63FD-4FE9-BC52-353EA268D104}.Release|Any CPU.Build.0 = Release|Any CPU
	EndGlobalSection
	GlobalSection(SolutionProperties) = preSolution
		HideSolutionNode = FALSE
	EndGlobalSection
	GlobalSection(NestedProjects) = preSolution
		{AA6F8627-B865-42D6-8994-D75F1FF0C845} = {2D310EE3-D860-4EA2-8F13-BA7DDEB381AB}
		{6E37E1A2-7BDE-444A-9841-0F0CBAEA75C1} = {AA6F8627-B865-42D6-8994-D75F1FF0C845}
		{5F7FF027-E883-4C48-8D73-E712E886C485} = {66663972-23C0-4A3C-9300-C70314398B5B}
		{E9B62623-5E96-445C-A977-3D9830F49DC8} = {66663972-23C0-4A3C-9300-C70314398B5B}
		{244E032D-BD09-4087-A364-A7DB90BFD8B3} = {50D7F22D-9341-4CD7-99E2-0601F3F7F9D6}
		{E7BA4B0B-D345-4704-92CB-4EB735A55B6E} = {2D310EE3-D860-4EA2-8F13-BA7DDEB381AB}
		{752C3716-E40A-4A5D-9EE2-871F208A2F86} = {E7BA4B0B-D345-4704-92CB-4EB735A55B6E}
		{FF618C06-40DC-42F3-B139-19A1E13E3F60} = {2D310EE3-D860-4EA2-8F13-BA7DDEB381AB}
		{8AE6403F-21E5-4064-A2A6-9C9EB2F26A45} = {FF618C06-40DC-42F3-B139-19A1E13E3F60}
		{5BEAE3BD-A563-4582-8242-507AE86B6870} = {2D310EE3-D860-4EA2-8F13-BA7DDEB381AB}
		{A07E7339-3EF6-4BF1-A730-D4C0F084EB5B} = {5BEAE3BD-A563-4582-8242-507AE86B6870}
		{6B41249C-17BC-4ECA-90C5-D5BEE26E8C5C} = {2D310EE3-D860-4EA2-8F13-BA7DDEB381AB}
		{A33051AC-557A-4319-824F-13C3291E9B6E} = {6B41249C-17BC-4ECA-90C5-D5BEE26E8C5C}
		{C508DE7F-CA4A-4AE2-9E06-91C0C253D04E} = {6B41249C-17BC-4ECA-90C5-D5BEE26E8C5C}
		{F851BB0E-9127-4BA5-A818-D2CE6441EAD2} = {6B41249C-17BC-4ECA-90C5-D5BEE26E8C5C}
		{267EBBB4-F1B9-4D3A-9B5A-37521D50FE05} = {6B41249C-17BC-4ECA-90C5-D5BEE26E8C5C}
		{2A9769FA-3590-4E03-AC3D-78F44C547556} = {6B41249C-17BC-4ECA-90C5-D5BEE26E8C5C}
		{54184E3B-51F5-43C9-B986-D7324257316E} = {2D310EE3-D860-4EA2-8F13-BA7DDEB381AB}
		{93696FB1-63FD-4FE9-BC52-353EA268D104} = {54184E3B-51F5-43C9-B986-D7324257316E}
	EndGlobalSection
	GlobalSection(ExtensibilityGlobals) = postSolution
		SolutionGuid = {2B0175FA-95D8-43A0-9268-6CDB89C6B7A5}
	EndGlobalSection
EndGlobal
